
Microsoft Visual Studio Solution File, Format Version 12.00
# Visual Studio Version 17
VisualStudioVersion = 17.6.33723.286
MinimumVisualStudioVersion = 10.0.40219.1
Project("{FAE04EC0-301F-11D3-BF4B-00C04F79EFBC}") = "01.TheHuntingGames", "01.TheHuntingGames\01.TheHuntingGames.csproj", "{D590A055-A32D-4D27-B10C-3D1CE8CF9594}"
EndProject
Project("{FAE04EC0-301F-11D3-BF4B-00C04F79EFBC}") = "02.Numbers", "02.Numbers\02.Numbers.csproj", "{53F16A9A-B14D-44FC-ABBD-255909A21D24}"
EndProject
Project("{FAE04EC0-301F-11D3-BF4B-00C04F79EFBC}") = "03.DeckOfCards", "03.DeckOfCards\03.DeckOfCards.csproj", "{15059767-8402-4A93-9C2E-D454FC7DF962}"
EndProject
Global
	GlobalSection(SolutionConfigurationPlatforms) = preSolution
		Debug|Any CPU = Debug|Any CPU
		Release|Any CPU = Release|Any CPU
	EndGlobalSection
	GlobalSection(ProjectConfigurationPlatforms) = postSolution
		{D590A055-A32D-4D27-B10C-3D1CE8CF9594}.Debug|Any CPU.ActiveCfg = Debug|Any CPU
		{D590A055-A32D-4D27-B10C-3D1CE8CF9594}.Debug|Any CPU.Build.0 = Debug|Any CPU
		{D590A055-A32D-4D27-B10C-3D1CE8CF9594}.Release|Any CPU.ActiveCfg = Release|Any CPU
		{D590A055-A32D-4D27-B10C-3D1CE8CF9594}.Release|Any CPU.Build.0 = Release|Any CPU
		{53F16A9A-B14D-44FC-ABBD-255909A21D24}.Debug|Any CPU.ActiveCfg = Debug|Any CPU
		{53F16A9A-B14D-44FC-ABBD-255909A21D24}.Debug|Any CPU.Build.0 = Debug|Any CPU
		{53F16A9A-B14D-44FC-ABBD-255909A21D24}.Release|Any CPU.ActiveCfg = Release|Any CPU
		{53F16A9A-B14D-44FC-ABBD-255909A21D24}.Release|Any CPU.Build.0 = Release|Any CPU
		{15059767-8402-4A93-9C2E-D454FC7DF962}.Debug|Any CPU.ActiveCfg = Debug|Any CPU
		{15059767-8402-4A93-9C2E-D454FC7DF962}.Debug|Any CPU.Build.0 = Debug|Any CPU
		{15059767-8402-4A93-9C2E-D454FC7DF962}.Release|Any CPU.ActiveCfg = Release|Any CPU
		{15059767-8402-4A93-9C2E-D454FC7DF962}.Release|Any CPU.Build.0 = Release|Any CPU
	EndGlobalSection
	GlobalSection(SolutionProperties) = preSolution
		HideSolutionNode = FALSE
	EndGlobalSection
	GlobalSection(ExtensibilityGlobals) = postSolution
		SolutionGuid = {A5D2ECA0-0796-4CA8-A0A5-62BCD1919B53}
	EndGlobalSection
EndGlobal
