
Microsoft Visual Studio Solution File, Format Version 12.00
# Visual Studio Version 17
VisualStudioVersion = 17.4.33213.308
MinimumVisualStudioVersion = 10.0.40219.1
Project("{9A19103F-16F7-4668-BE54-9A1E7A4F7556}") = "01.ExcellentResult", "01.ExcellentResult\01.ExcellentResult.csproj", "{CB19D585-679B-42C0-875C-03F3157A2491}"
EndProject
Project("{9A19103F-16F7-4668-BE54-9A1E7A4F7556}") = "02.GreaterNumber", "02.GreaterNumber\02.GreaterNumber.csproj", "{32CBED0E-F9BD-46AC-919D-B8CF6D4909B5}"
EndProject
Project("{9A19103F-16F7-4668-BE54-9A1E7A4F7556}") = "03.EvenorOdd", "03.EvenorOdd\03.EvenorOdd.csproj", "{B23E55CB-10FB-4F83-82A4-39C96FB8587B}"
EndProject
Project("{FAE04EC0-301F-11D3-BF4B-00C04F79EFBC}") = "04.PasswordGuess", "04.PasswordGuess\04.PasswordGuess.csproj", "{2EA1CAFE-068E-4820-9899-56E890E1082C}"
EndProject
Project("{FAE04EC0-301F-11D3-BF4B-00C04F79EFBC}") = "05.Number100To200", "05.Number100To200\05.Number100To200.csproj", "{31940308-E207-4796-8062-C91F0CE1685A}"
EndProject
Project("{FAE04EC0-301F-11D3-BF4B-00C04F79EFBC}") = "06.SpeedInfo", "06.SpeedInfo\06.SpeedInfo.csproj", "{C9DF4F3D-E3BE-4E7E-9A94-42780BCC8B21}"
EndProject
Project("{FAE04EC0-301F-11D3-BF4B-00C04F79EFBC}") = "07.AreaOfFigures", "07.AreaOfFigures\07.AreaOfFigures.csproj", "{CD8F99D0-E796-49AC-82D9-5B5C9FE31949}"
EndProject
Global
	GlobalSection(SolutionConfigurationPlatforms) = preSolution
		Debug|Any CPU = Debug|Any CPU
		Release|Any CPU = Release|Any CPU
	EndGlobalSection
	GlobalSection(ProjectConfigurationPlatforms) = postSolution
		{CB19D585-679B-42C0-875C-03F3157A2491}.Debug|Any CPU.ActiveCfg = Debug|Any CPU
		{CB19D585-679B-42C0-875C-03F3157A2491}.Debug|Any CPU.Build.0 = Debug|Any CPU
		{CB19D585-679B-42C0-875C-03F3157A2491}.Release|Any CPU.ActiveCfg = Release|Any CPU
		{CB19D585-679B-42C0-875C-03F3157A2491}.Release|Any CPU.Build.0 = Release|Any CPU
		{32CBED0E-F9BD-46AC-919D-B8CF6D4909B5}.Debug|Any CPU.ActiveCfg = Debug|Any CPU
		{32CBED0E-F9BD-46AC-919D-B8CF6D4909B5}.Debug|Any CPU.Build.0 = Debug|Any CPU
		{32CBED0E-F9BD-46AC-919D-B8CF6D4909B5}.Release|Any CPU.ActiveCfg = Release|Any CPU
		{32CBED0E-F9BD-46AC-919D-B8CF6D4909B5}.Release|Any CPU.Build.0 = Release|Any CPU
		{B23E55CB-10FB-4F83-82A4-39C96FB8587B}.Debug|Any CPU.ActiveCfg = Debug|Any CPU
		{B23E55CB-10FB-4F83-82A4-39C96FB8587B}.Debug|Any CPU.Build.0 = Debug|Any CPU
		{B23E55CB-10FB-4F83-82A4-39C96FB8587B}.Release|Any CPU.ActiveCfg = Release|Any CPU
		{B23E55CB-10FB-4F83-82A4-39C96FB8587B}.Release|Any CPU.Build.0 = Release|Any CPU
		{2EA1CAFE-068E-4820-9899-56E890E1082C}.Debug|Any CPU.ActiveCfg = Debug|Any CPU
		{2EA1CAFE-068E-4820-9899-56E890E1082C}.Debug|Any CPU.Build.0 = Debug|Any CPU
		{2EA1CAFE-068E-4820-9899-56E890E1082C}.Release|Any CPU.ActiveCfg = Release|Any CPU
		{2EA1CAFE-068E-4820-9899-56E890E1082C}.Release|Any CPU.Build.0 = Release|Any CPU
		{31940308-E207-4796-8062-C91F0CE1685A}.Debug|Any CPU.ActiveCfg = Debug|Any CPU
		{31940308-E207-4796-8062-C91F0CE1685A}.Debug|Any CPU.Build.0 = Debug|Any CPU
		{31940308-E207-4796-8062-C91F0CE1685A}.Release|Any CPU.ActiveCfg = Release|Any CPU
		{31940308-E207-4796-8062-C91F0CE1685A}.Release|Any CPU.Build.0 = Release|Any CPU
		{C9DF4F3D-E3BE-4E7E-9A94-42780BCC8B21}.Debug|Any CPU.ActiveCfg = Debug|Any CPU
		{C9DF4F3D-E3BE-4E7E-9A94-42780BCC8B21}.Debug|Any CPU.Build.0 = Debug|Any CPU
		{C9DF4F3D-E3BE-4E7E-9A94-42780BCC8B21}.Release|Any CPU.ActiveCfg = Release|Any CPU
		{C9DF4F3D-E3BE-4E7E-9A94-42780BCC8B21}.Release|Any CPU.Build.0 = Release|Any CPU
		{CD8F99D0-E796-49AC-82D9-5B5C9FE31949}.Debug|Any CPU.ActiveCfg = Debug|Any CPU
		{CD8F99D0-E796-49AC-82D9-5B5C9FE31949}.Debug|Any CPU.Build.0 = Debug|Any CPU
		{CD8F99D0-E796-49AC-82D9-5B5C9FE31949}.Release|Any CPU.ActiveCfg = Release|Any CPU
		{CD8F99D0-E796-49AC-82D9-5B5C9FE31949}.Release|Any CPU.Build.0 = Release|Any CPU
	EndGlobalSection
	GlobalSection(SolutionProperties) = preSolution
		HideSolutionNode = FALSE
	EndGlobalSection
	GlobalSection(ExtensibilityGlobals) = postSolution
		SolutionGuid = {51E651F6-1022-4177-9BF7-6AA0776EBB79}
	EndGlobalSection
EndGlobal
