
Microsoft Visual Studio Solution File, Format Version 12.00
# Visual Studio Version 17
VisualStudioVersion = 17.5.33530.505
MinimumVisualStudioVersion = 10.0.40219.1
Project("{9A19103F-16F7-4668-BE54-9A1E7A4F7556}") = "01.Dishwasher", "01.Dishwasher\01.Dishwasher.csproj", "{CC8A60EE-BA8E-45D8-A349-BD4FCB28E63D}"
EndProject
Project("{FAE04EC0-301F-11D3-BF4B-00C04F79EFBC}") = "02.ReportSystem", "02.ReportSystem\02.ReportSystem.csproj", "{C029106E-7D37-45F3-B521-2044DCA7F73D}"
EndProject
Project("{FAE04EC0-301F-11D3-BF4B-00C04F79EFBC}") = "03.StreamOfLetters", "03.StreamOfLetters\03.StreamOfLetters.csproj", "{8F983399-DE87-4F59-B954-C893B13660BE}"
EndProject
Project("{FAE04EC0-301F-11D3-BF4B-00C04F79EFBC}") = "04.NumbersDividedBy3WithoutReminder", "04.NumbersDividedBy3WithoutReminder\04.NumbersDividedBy3WithoutReminder.csproj", "{8888A696-7A1B-4DAD-8F36-A68DD1BD05A1}"
EndProject
Project("{FAE04EC0-301F-11D3-BF4B-00C04F79EFBC}") = "05.AverageNumber", "05.AverageNumber\05.AverageNumber.csproj", "{4AD0CD56-4FDA-465E-AD09-92C4F6BCFA96}"
EndProject
Global
	GlobalSection(SolutionConfigurationPlatforms) = preSolution
		Debug|Any CPU = Debug|Any CPU
		Release|Any CPU = Release|Any CPU
	EndGlobalSection
	GlobalSection(ProjectConfigurationPlatforms) = postSolution
		{CC8A60EE-BA8E-45D8-A349-BD4FCB28E63D}.Debug|Any CPU.ActiveCfg = Debug|Any CPU
		{CC8A60EE-BA8E-45D8-A349-BD4FCB28E63D}.Debug|Any CPU.Build.0 = Debug|Any CPU
		{CC8A60EE-BA8E-45D8-A349-BD4FCB28E63D}.Release|Any CPU.ActiveCfg = Release|Any CPU
		{CC8A60EE-BA8E-45D8-A349-BD4FCB28E63D}.Release|Any CPU.Build.0 = Release|Any CPU
		{C029106E-7D37-45F3-B521-2044DCA7F73D}.Debug|Any CPU.ActiveCfg = Debug|Any CPU
		{C029106E-7D37-45F3-B521-2044DCA7F73D}.Debug|Any CPU.Build.0 = Debug|Any CPU
		{C029106E-7D37-45F3-B521-2044DCA7F73D}.Release|Any CPU.ActiveCfg = Release|Any CPU
		{C029106E-7D37-45F3-B521-2044DCA7F73D}.Release|Any CPU.Build.0 = Release|Any CPU
		{8F983399-DE87-4F59-B954-C893B13660BE}.Debug|Any CPU.ActiveCfg = Debug|Any CPU
		{8F983399-DE87-4F59-B954-C893B13660BE}.Debug|Any CPU.Build.0 = Debug|Any CPU
		{8F983399-DE87-4F59-B954-C893B13660BE}.Release|Any CPU.ActiveCfg = Release|Any CPU
		{8F983399-DE87-4F59-B954-C893B13660BE}.Release|Any CPU.Build.0 = Release|Any CPU
		{8888A696-7A1B-4DAD-8F36-A68DD1BD05A1}.Debug|Any CPU.ActiveCfg = Debug|Any CPU
		{8888A696-7A1B-4DAD-8F36-A68DD1BD05A1}.Debug|Any CPU.Build.0 = Debug|Any CPU
		{8888A696-7A1B-4DAD-8F36-A68DD1BD05A1}.Release|Any CPU.ActiveCfg = Release|Any CPU
		{8888A696-7A1B-4DAD-8F36-A68DD1BD05A1}.Release|Any CPU.Build.0 = Release|Any CPU
		{4AD0CD56-4FDA-465E-AD09-92C4F6BCFA96}.Debug|Any CPU.ActiveCfg = Debug|Any CPU
		{4AD0CD56-4FDA-465E-AD09-92C4F6BCFA96}.Debug|Any CPU.Build.0 = Debug|Any CPU
		{4AD0CD56-4FDA-465E-AD09-92C4F6BCFA96}.Release|Any CPU.ActiveCfg = Release|Any CPU
		{4AD0CD56-4FDA-465E-AD09-92C4F6BCFA96}.Release|Any CPU.Build.0 = Release|Any CPU
	EndGlobalSection
	GlobalSection(SolutionProperties) = preSolution
		HideSolutionNode = FALSE
	EndGlobalSection
	GlobalSection(ExtensibilityGlobals) = postSolution
		SolutionGuid = {9CE3B40B-2AA3-42E9-977D-346E037DD2A7}
	EndGlobalSection
EndGlobal
