
Microsoft Visual Studio Solution File, Format Version 12.00
# Visual Studio Version 17
VisualStudioVersion = 17.6.33829.357
MinimumVisualStudioVersion = 10.0.40219.1
Project("{9A19103F-16F7-4668-BE54-9A1E7A4F7556}") = "01.Vehicles", "01.Vehicles\01.Vehicles.csproj", "{F3E1E1A4-3F62-4CEA-8C6F-90BD9F4DA93D}"
EndProject
Project("{9A19103F-16F7-4668-BE54-9A1E7A4F7556}") = "02.VehiclesExtension", "02.VehiclesExtension\02.VehiclesExtension.csproj", "{85A6CF56-9D87-4A4B-AEDB-3CD914012F69}"
EndProject
Project("{9A19103F-16F7-4668-BE54-9A1E7A4F7556}") = "03.Raiding", "03.Raiding\03.Raiding.csproj", "{58BE049B-6C14-47DB-A1D9-708306118C08}"
EndProject
Project("{9A19103F-16F7-4668-BE54-9A1E7A4F7556}") = "04.WildFarm", "04.WildFarm\04.WildFarm.csproj", "{F84CB36D-F093-45AC-94F3-D4283F5F0FA1}"
EndProject
Global
	GlobalSection(SolutionConfigurationPlatforms) = preSolution
		Debug|Any CPU = Debug|Any CPU
		Release|Any CPU = Release|Any CPU
	EndGlobalSection
	GlobalSection(ProjectConfigurationPlatforms) = postSolution
		{F3E1E1A4-3F62-4CEA-8C6F-90BD9F4DA93D}.Debug|Any CPU.ActiveCfg = Debug|Any CPU
		{F3E1E1A4-3F62-4CEA-8C6F-90BD9F4DA93D}.Debug|Any CPU.Build.0 = Debug|Any CPU
		{F3E1E1A4-3F62-4CEA-8C6F-90BD9F4DA93D}.Release|Any CPU.ActiveCfg = Release|Any CPU
		{F3E1E1A4-3F62-4CEA-8C6F-90BD9F4DA93D}.Release|Any CPU.Build.0 = Release|Any CPU
		{85A6CF56-9D87-4A4B-AEDB-3CD914012F69}.Debug|Any CPU.ActiveCfg = Debug|Any CPU
		{85A6CF56-9D87-4A4B-AEDB-3CD914012F69}.Debug|Any CPU.Build.0 = Debug|Any CPU
		{85A6CF56-9D87-4A4B-AEDB-3CD914012F69}.Release|Any CPU.ActiveCfg = Release|Any CPU
		{85A6CF56-9D87-4A4B-AEDB-3CD914012F69}.Release|Any CPU.Build.0 = Release|Any CPU
		{58BE049B-6C14-47DB-A1D9-708306118C08}.Debug|Any CPU.ActiveCfg = Debug|Any CPU
		{58BE049B-6C14-47DB-A1D9-708306118C08}.Debug|Any CPU.Build.0 = Debug|Any CPU
		{58BE049B-6C14-47DB-A1D9-708306118C08}.Release|Any CPU.ActiveCfg = Release|Any CPU
		{58BE049B-6C14-47DB-A1D9-708306118C08}.Release|Any CPU.Build.0 = Release|Any CPU
		{F84CB36D-F093-45AC-94F3-D4283F5F0FA1}.Debug|Any CPU.ActiveCfg = Debug|Any CPU
		{F84CB36D-F093-45AC-94F3-D4283F5F0FA1}.Debug|Any CPU.Build.0 = Debug|Any CPU
		{F84CB36D-F093-45AC-94F3-D4283F5F0FA1}.Release|Any CPU.ActiveCfg = Release|Any CPU
		{F84CB36D-F093-45AC-94F3-D4283F5F0FA1}.Release|Any CPU.Build.0 = Release|Any CPU
	EndGlobalSection
	GlobalSection(SolutionProperties) = preSolution
		HideSolutionNode = FALSE
	EndGlobalSection
	GlobalSection(ExtensibilityGlobals) = postSolution
		SolutionGuid = {8B87C65C-85F7-4FF1-845C-7F772D04A857}
	EndGlobalSection
EndGlobal
