
Microsoft Visual Studio Solution File, Format Version 12.00
# Visual Studio Version 17
VisualStudioVersion = 17.6.33723.286
MinimumVisualStudioVersion = 10.0.40219.1
Project("{FAE04EC0-301F-11D3-BF4B-00C04F79EFBC}") = "01.PasswordReset", "01.PasswordReset\01.PasswordReset.csproj", "{14EA8344-A76F-4137-BC25-DF08A3DD9546}"
EndProject
Project("{FAE04EC0-301F-11D3-BF4B-00C04F79EFBC}") = "02.MirrorWords", "02.MirrorWords\02.MirrorWords.csproj", "{09861D48-8383-4770-BEC2-5407E84A9710}"
EndProject
Project("{FAE04EC0-301F-11D3-BF4B-00C04F79EFBC}") = "03.P!rates", "03.P!rates\03.P!rates.csproj", "{44E53528-75FA-47AD-974A-F885EA819F07}"
EndProject
Global
	GlobalSection(SolutionConfigurationPlatforms) = preSolution
		Debug|Any CPU = Debug|Any CPU
		Release|Any CPU = Release|Any CPU
	EndGlobalSection
	GlobalSection(ProjectConfigurationPlatforms) = postSolution
		{14EA8344-A76F-4137-BC25-DF08A3DD9546}.Debug|Any CPU.ActiveCfg = Debug|Any CPU
		{14EA8344-A76F-4137-BC25-DF08A3DD9546}.Debug|Any CPU.Build.0 = Debug|Any CPU
		{14EA8344-A76F-4137-BC25-DF08A3DD9546}.Release|Any CPU.ActiveCfg = Release|Any CPU
		{14EA8344-A76F-4137-BC25-DF08A3DD9546}.Release|Any CPU.Build.0 = Release|Any CPU
		{09861D48-8383-4770-BEC2-5407E84A9710}.Debug|Any CPU.ActiveCfg = Debug|Any CPU
		{09861D48-8383-4770-BEC2-5407E84A9710}.Debug|Any CPU.Build.0 = Debug|Any CPU
		{09861D48-8383-4770-BEC2-5407E84A9710}.Release|Any CPU.ActiveCfg = Release|Any CPU
		{09861D48-8383-4770-BEC2-5407E84A9710}.Release|Any CPU.Build.0 = Release|Any CPU
		{44E53528-75FA-47AD-974A-F885EA819F07}.Debug|Any CPU.ActiveCfg = Debug|Any CPU
		{44E53528-75FA-47AD-974A-F885EA819F07}.Debug|Any CPU.Build.0 = Debug|Any CPU
		{44E53528-75FA-47AD-974A-F885EA819F07}.Release|Any CPU.ActiveCfg = Release|Any CPU
		{44E53528-75FA-47AD-974A-F885EA819F07}.Release|Any CPU.Build.0 = Release|Any CPU
	EndGlobalSection
	GlobalSection(SolutionProperties) = preSolution
		HideSolutionNode = FALSE
	EndGlobalSection
	GlobalSection(ExtensibilityGlobals) = postSolution
		SolutionGuid = {B4B4717B-11FE-403E-B5B7-693820399E16}
	EndGlobalSection
EndGlobal
