
Microsoft Visual Studio Solution File, Format Version 12.00
# Visual Studio Version 17
VisualStudioVersion = 17.6.33829.357
MinimumVisualStudioVersion = 10.0.40219.1
Project("{FAE04EC0-301F-11D3-BF4B-00C04F79EFBC}") = "01.SingleInheritance", "01.SingleInheritance\01.SingleInheritance.csproj", "{86A23639-D0AF-4BEA-BB55-5EE93324C9C6}"
EndProject
Project("{FAE04EC0-301F-11D3-BF4B-00C04F79EFBC}") = "02.MultipleInheritance", "02.MultipleInheritance\02.MultipleInheritance.csproj", "{173F10EB-59B1-4DE3-B15E-5338C4BF2AF2}"
EndProject
Project("{FAE04EC0-301F-11D3-BF4B-00C04F79EFBC}") = "03.HierarchicalInheritance", "03.HierarchicalInheritance\03.HierarchicalInheritance.csproj", "{05EF2D54-723A-4152-B952-7FD039CE6700}"
EndProject
Project("{FAE04EC0-301F-11D3-BF4B-00C04F79EFBC}") = "04.RandomList", "04.RandomList\04.RandomList.csproj", "{19948319-BF34-4595-AA3E-60157BC7ED5C}"
EndProject
Project("{FAE04EC0-301F-11D3-BF4B-00C04F79EFBC}") = "05.StackOfStrings", "05.StackOfStrings\05.StackOfStrings.csproj", "{12EA0FF1-B2F2-48B6-9C80-E2FB7A029D4F}"
EndProject
Global
	GlobalSection(SolutionConfigurationPlatforms) = preSolution
		Debug|Any CPU = Debug|Any CPU
		Release|Any CPU = Release|Any CPU
	EndGlobalSection
	GlobalSection(ProjectConfigurationPlatforms) = postSolution
		{86A23639-D0AF-4BEA-BB55-5EE93324C9C6}.Debug|Any CPU.ActiveCfg = Debug|Any CPU
		{86A23639-D0AF-4BEA-BB55-5EE93324C9C6}.Debug|Any CPU.Build.0 = Debug|Any CPU
		{86A23639-D0AF-4BEA-BB55-5EE93324C9C6}.Release|Any CPU.ActiveCfg = Release|Any CPU
		{86A23639-D0AF-4BEA-BB55-5EE93324C9C6}.Release|Any CPU.Build.0 = Release|Any CPU
		{173F10EB-59B1-4DE3-B15E-5338C4BF2AF2}.Debug|Any CPU.ActiveCfg = Debug|Any CPU
		{173F10EB-59B1-4DE3-B15E-5338C4BF2AF2}.Debug|Any CPU.Build.0 = Debug|Any CPU
		{173F10EB-59B1-4DE3-B15E-5338C4BF2AF2}.Release|Any CPU.ActiveCfg = Release|Any CPU
		{173F10EB-59B1-4DE3-B15E-5338C4BF2AF2}.Release|Any CPU.Build.0 = Release|Any CPU
		{05EF2D54-723A-4152-B952-7FD039CE6700}.Debug|Any CPU.ActiveCfg = Debug|Any CPU
		{05EF2D54-723A-4152-B952-7FD039CE6700}.Debug|Any CPU.Build.0 = Debug|Any CPU
		{05EF2D54-723A-4152-B952-7FD039CE6700}.Release|Any CPU.ActiveCfg = Release|Any CPU
		{05EF2D54-723A-4152-B952-7FD039CE6700}.Release|Any CPU.Build.0 = Release|Any CPU
		{19948319-BF34-4595-AA3E-60157BC7ED5C}.Debug|Any CPU.ActiveCfg = Debug|Any CPU
		{19948319-BF34-4595-AA3E-60157BC7ED5C}.Debug|Any CPU.Build.0 = Debug|Any CPU
		{19948319-BF34-4595-AA3E-60157BC7ED5C}.Release|Any CPU.ActiveCfg = Release|Any CPU
		{19948319-BF34-4595-AA3E-60157BC7ED5C}.Release|Any CPU.Build.0 = Release|Any CPU
		{12EA0FF1-B2F2-48B6-9C80-E2FB7A029D4F}.Debug|Any CPU.ActiveCfg = Debug|Any CPU
		{12EA0FF1-B2F2-48B6-9C80-E2FB7A029D4F}.Debug|Any CPU.Build.0 = Debug|Any CPU
		{12EA0FF1-B2F2-48B6-9C80-E2FB7A029D4F}.Release|Any CPU.ActiveCfg = Release|Any CPU
		{12EA0FF1-B2F2-48B6-9C80-E2FB7A029D4F}.Release|Any CPU.Build.0 = Release|Any CPU
	EndGlobalSection
	GlobalSection(SolutionProperties) = preSolution
		HideSolutionNode = FALSE
	EndGlobalSection
	GlobalSection(ExtensibilityGlobals) = postSolution
		SolutionGuid = {FCB8C774-C6FB-4A1B-9755-1881F2A4F00D}
	EndGlobalSection
EndGlobal
