
Microsoft Visual Studio Solution File, Format Version 12.00
# Visual Studio Version 17
VisualStudioVersion = 17.5.33530.505
MinimumVisualStudioVersion = 10.0.40219.1
Project("{FAE04EC0-301F-11D3-BF4B-00C04F79EFBC}") = "01.DataTypeFinder", "01.DataTypeFinder\01.DataTypeFinder.csproj", "{94720D65-1B77-4859-9BCC-411FF3751DC7}"
EndProject
Project("{FAE04EC0-301F-11D3-BF4B-00C04F79EFBC}") = "02.FromLeftToTheRight", "02.FromLeftToTheRight\02.FromLeftToTheRight.csproj", "{DD9668FA-3E0B-4C2D-9A4E-60D8D1438DF9}"
EndProject
Project("{FAE04EC0-301F-11D3-BF4B-00C04F79EFBC}") = "03.FloatingEquality", "03.FloatingEquality\03.FloatingEquality.csproj", "{CA710B04-79BA-4B3D-B122-7BD8CACEF5A9}"
EndProject
Global
	GlobalSection(SolutionConfigurationPlatforms) = preSolution
		Debug|Any CPU = Debug|Any CPU
		Release|Any CPU = Release|Any CPU
	EndGlobalSection
	GlobalSection(ProjectConfigurationPlatforms) = postSolution
		{94720D65-1B77-4859-9BCC-411FF3751DC7}.Debug|Any CPU.ActiveCfg = Debug|Any CPU
		{94720D65-1B77-4859-9BCC-411FF3751DC7}.Debug|Any CPU.Build.0 = Debug|Any CPU
		{94720D65-1B77-4859-9BCC-411FF3751DC7}.Release|Any CPU.ActiveCfg = Release|Any CPU
		{94720D65-1B77-4859-9BCC-411FF3751DC7}.Release|Any CPU.Build.0 = Release|Any CPU
		{DD9668FA-3E0B-4C2D-9A4E-60D8D1438DF9}.Debug|Any CPU.ActiveCfg = Debug|Any CPU
		{DD9668FA-3E0B-4C2D-9A4E-60D8D1438DF9}.Debug|Any CPU.Build.0 = Debug|Any CPU
		{DD9668FA-3E0B-4C2D-9A4E-60D8D1438DF9}.Release|Any CPU.ActiveCfg = Release|Any CPU
		{DD9668FA-3E0B-4C2D-9A4E-60D8D1438DF9}.Release|Any CPU.Build.0 = Release|Any CPU
		{CA710B04-79BA-4B3D-B122-7BD8CACEF5A9}.Debug|Any CPU.ActiveCfg = Debug|Any CPU
		{CA710B04-79BA-4B3D-B122-7BD8CACEF5A9}.Debug|Any CPU.Build.0 = Debug|Any CPU
		{CA710B04-79BA-4B3D-B122-7BD8CACEF5A9}.Release|Any CPU.ActiveCfg = Release|Any CPU
		{CA710B04-79BA-4B3D-B122-7BD8CACEF5A9}.Release|Any CPU.Build.0 = Release|Any CPU
	EndGlobalSection
	GlobalSection(SolutionProperties) = preSolution
		HideSolutionNode = FALSE
	EndGlobalSection
	GlobalSection(ExtensibilityGlobals) = postSolution
		SolutionGuid = {F0C15F47-B259-4176-9C52-F25364669D2B}
	EndGlobalSection
EndGlobal
