
Microsoft Visual Studio Solution File, Format Version 12.00
# Visual Studio Version 17
VisualStudioVersion = 17.6.33723.286
MinimumVisualStudioVersion = 10.0.40219.1
Project("{FAE04EC0-301F-11D3-BF4B-00C04F79EFBC}") = "01.Furniture", "01.Furniture\01.Furniture.csproj", "{6BD760D2-27C4-478D-9151-6F31BCB7A768}"
EndProject
Project("{FAE04EC0-301F-11D3-BF4B-00C04F79EFBC}") = "02.Race", "02.Race\02.Race.csproj", "{4B01879D-B717-4877-B5A1-9EF068764B63}"
EndProject
Project("{FAE04EC0-301F-11D3-BF4B-00C04F79EFBC}") = "03.SoftUniBarIncome", "03.SoftUniBarIncome\03.SoftUniBarIncome.csproj", "{D17B0DAB-4BDD-44F8-A0C4-A251D196A857}"
EndProject
Project("{FAE04EC0-301F-11D3-BF4B-00C04F79EFBC}") = "04.StarEnigma", "04.StarEnigma\04.StarEnigma.csproj", "{98ED1B36-93A9-4898-AD3F-27901EBD3591}"
EndProject
Global
	GlobalSection(SolutionConfigurationPlatforms) = preSolution
		Debug|Any CPU = Debug|Any CPU
		Release|Any CPU = Release|Any CPU
	EndGlobalSection
	GlobalSection(ProjectConfigurationPlatforms) = postSolution
		{6BD760D2-27C4-478D-9151-6F31BCB7A768}.Debug|Any CPU.ActiveCfg = Debug|Any CPU
		{6BD760D2-27C4-478D-9151-6F31BCB7A768}.Debug|Any CPU.Build.0 = Debug|Any CPU
		{6BD760D2-27C4-478D-9151-6F31BCB7A768}.Release|Any CPU.ActiveCfg = Release|Any CPU
		{6BD760D2-27C4-478D-9151-6F31BCB7A768}.Release|Any CPU.Build.0 = Release|Any CPU
		{4B01879D-B717-4877-B5A1-9EF068764B63}.Debug|Any CPU.ActiveCfg = Debug|Any CPU
		{4B01879D-B717-4877-B5A1-9EF068764B63}.Debug|Any CPU.Build.0 = Debug|Any CPU
		{4B01879D-B717-4877-B5A1-9EF068764B63}.Release|Any CPU.ActiveCfg = Release|Any CPU
		{4B01879D-B717-4877-B5A1-9EF068764B63}.Release|Any CPU.Build.0 = Release|Any CPU
		{D17B0DAB-4BDD-44F8-A0C4-A251D196A857}.Debug|Any CPU.ActiveCfg = Debug|Any CPU
		{D17B0DAB-4BDD-44F8-A0C4-A251D196A857}.Debug|Any CPU.Build.0 = Debug|Any CPU
		{D17B0DAB-4BDD-44F8-A0C4-A251D196A857}.Release|Any CPU.ActiveCfg = Release|Any CPU
		{D17B0DAB-4BDD-44F8-A0C4-A251D196A857}.Release|Any CPU.Build.0 = Release|Any CPU
		{98ED1B36-93A9-4898-AD3F-27901EBD3591}.Debug|Any CPU.ActiveCfg = Debug|Any CPU
		{98ED1B36-93A9-4898-AD3F-27901EBD3591}.Debug|Any CPU.Build.0 = Debug|Any CPU
		{98ED1B36-93A9-4898-AD3F-27901EBD3591}.Release|Any CPU.ActiveCfg = Release|Any CPU
		{98ED1B36-93A9-4898-AD3F-27901EBD3591}.Release|Any CPU.Build.0 = Release|Any CPU
	EndGlobalSection
	GlobalSection(SolutionProperties) = preSolution
		HideSolutionNode = FALSE
	EndGlobalSection
	GlobalSection(ExtensibilityGlobals) = postSolution
		SolutionGuid = {E5D9AE08-53C7-4DBF-9C88-71514ACE9DD1}
	EndGlobalSection
EndGlobal
