
Microsoft Visual Studio Solution File, Format Version 12.00
# Visual Studio Version 17
VisualStudioVersion = 17.8.34309.116
MinimumVisualStudioVersion = 10.0.40219.1
Project("{9A19103F-16F7-4668-BE54-9A1E7A4F7556}") = "NauticalCatchChallenge", "NauticalCatchChallenge.csproj", "{1496EDB4-311B-467C-9AB8-C328A1403AFF}"
EndProject
Global
	GlobalSection(SolutionConfigurationPlatforms) = preSolution
		Debug|Any CPU = Debug|Any CPU
		Release|Any CPU = Release|Any CPU
	EndGlobalSection
	GlobalSection(ProjectConfigurationPlatforms) = postSolution
		{1496EDB4-311B-467C-9AB8-C328A1403AFF}.Debug|Any CPU.ActiveCfg = Debug|Any CPU
		{1496EDB4-311B-467C-9AB8-C328A1403AFF}.Debug|Any CPU.Build.0 = Debug|Any CPU
		{1496EDB4-311B-467C-9AB8-C328A1403AFF}.Release|Any CPU.ActiveCfg = Release|Any CPU
		{1496EDB4-311B-467C-9AB8-C328A1403AFF}.Release|Any CPU.Build.0 = Release|Any CPU
	EndGlobalSection
	GlobalSection(SolutionProperties) = preSolution
		HideSolutionNode = FALSE
	EndGlobalSection
	GlobalSection(ExtensibilityGlobals) = postSolution
		SolutionGuid = {E41613A8-89EF-45D4-91CD-151DEEB94848}
	EndGlobalSection
EndGlobal
