
Microsoft Visual Studio Solution File, Format Version 12.00
# Visual Studio Version 17
VisualStudioVersion = 17.6.33829.357
MinimumVisualStudioVersion = 10.0.40219.1
Project("{9A19103F-16F7-4668-BE54-9A1E7A4F7556}") = "1. Sum Matrix Elements", "1. Sum Matrix Elements\1. Sum Matrix Elements.csproj", "{C9F2A26C-8942-4807-99E6-5108725CEF6F}"
EndProject
Project("{9A19103F-16F7-4668-BE54-9A1E7A4F7556}") = "2.SumMatrixColumns", "2.SumMatrixColumns\2.SumMatrixColumns.csproj", "{869B4FD8-1F14-4D0A-861D-D69BE881548D}"
EndProject
Project("{9A19103F-16F7-4668-BE54-9A1E7A4F7556}") = "3.PrimaryDiagonal", "3.PrimaryDiagonal\3.PrimaryDiagonal.csproj", "{C304217E-2006-4C5A-90EE-8DC68689AEF9}"
EndProject
Project("{9A19103F-16F7-4668-BE54-9A1E7A4F7556}") = "4.SymbolInMatrix", "4.SymbolInMatrix\4.SymbolInMatrix.csproj", "{D6423122-1C3D-4236-85AF-8E8C0E9B2C13}"
EndProject
Project("{9A19103F-16F7-4668-BE54-9A1E7A4F7556}") = "5.SquareWithMaximumSum", "5.SquareWithMaximumSum\5.SquareWithMaximumSum.csproj", "{17E98565-DF03-4D71-B042-515972D41CE6}"
EndProject
Project("{9A19103F-16F7-4668-BE54-9A1E7A4F7556}") = "6.Jagged-ArrayModification", "6.Jagged-ArrayModification\6.Jagged-ArrayModification.csproj", "{142EC618-7BD7-413A-BB9F-CF5D2BDA08DF}"
EndProject
Project("{FAE04EC0-301F-11D3-BF4B-00C04F79EFBC}") = "7.PascalTriangle", "7.PascalTriangle\7.PascalTriangle.csproj", "{635E0871-66FC-4295-885D-EB1C7124D709}"
EndProject
Global
	GlobalSection(SolutionConfigurationPlatforms) = preSolution
		Debug|Any CPU = Debug|Any CPU
		Release|Any CPU = Release|Any CPU
	EndGlobalSection
	GlobalSection(ProjectConfigurationPlatforms) = postSolution
		{C9F2A26C-8942-4807-99E6-5108725CEF6F}.Debug|Any CPU.ActiveCfg = Debug|Any CPU
		{C9F2A26C-8942-4807-99E6-5108725CEF6F}.Debug|Any CPU.Build.0 = Debug|Any CPU
		{C9F2A26C-8942-4807-99E6-5108725CEF6F}.Release|Any CPU.ActiveCfg = Release|Any CPU
		{C9F2A26C-8942-4807-99E6-5108725CEF6F}.Release|Any CPU.Build.0 = Release|Any CPU
		{869B4FD8-1F14-4D0A-861D-D69BE881548D}.Debug|Any CPU.ActiveCfg = Debug|Any CPU
		{869B4FD8-1F14-4D0A-861D-D69BE881548D}.Debug|Any CPU.Build.0 = Debug|Any CPU
		{869B4FD8-1F14-4D0A-861D-D69BE881548D}.Release|Any CPU.ActiveCfg = Release|Any CPU
		{869B4FD8-1F14-4D0A-861D-D69BE881548D}.Release|Any CPU.Build.0 = Release|Any CPU
		{C304217E-2006-4C5A-90EE-8DC68689AEF9}.Debug|Any CPU.ActiveCfg = Debug|Any CPU
		{C304217E-2006-4C5A-90EE-8DC68689AEF9}.Debug|Any CPU.Build.0 = Debug|Any CPU
		{C304217E-2006-4C5A-90EE-8DC68689AEF9}.Release|Any CPU.ActiveCfg = Release|Any CPU
		{C304217E-2006-4C5A-90EE-8DC68689AEF9}.Release|Any CPU.Build.0 = Release|Any CPU
		{D6423122-1C3D-4236-85AF-8E8C0E9B2C13}.Debug|Any CPU.ActiveCfg = Debug|Any CPU
		{D6423122-1C3D-4236-85AF-8E8C0E9B2C13}.Debug|Any CPU.Build.0 = Debug|Any CPU
		{D6423122-1C3D-4236-85AF-8E8C0E9B2C13}.Release|Any CPU.ActiveCfg = Release|Any CPU
		{D6423122-1C3D-4236-85AF-8E8C0E9B2C13}.Release|Any CPU.Build.0 = Release|Any CPU
		{17E98565-DF03-4D71-B042-515972D41CE6}.Debug|Any CPU.ActiveCfg = Debug|Any CPU
		{17E98565-DF03-4D71-B042-515972D41CE6}.Debug|Any CPU.Build.0 = Debug|Any CPU
		{17E98565-DF03-4D71-B042-515972D41CE6}.Release|Any CPU.ActiveCfg = Release|Any CPU
		{17E98565-DF03-4D71-B042-515972D41CE6}.Release|Any CPU.Build.0 = Release|Any CPU
		{142EC618-7BD7-413A-BB9F-CF5D2BDA08DF}.Debug|Any CPU.ActiveCfg = Debug|Any CPU
		{142EC618-7BD7-413A-BB9F-CF5D2BDA08DF}.Debug|Any CPU.Build.0 = Debug|Any CPU
		{142EC618-7BD7-413A-BB9F-CF5D2BDA08DF}.Release|Any CPU.ActiveCfg = Release|Any CPU
		{142EC618-7BD7-413A-BB9F-CF5D2BDA08DF}.Release|Any CPU.Build.0 = Release|Any CPU
		{635E0871-66FC-4295-885D-EB1C7124D709}.Debug|Any CPU.ActiveCfg = Debug|Any CPU
		{635E0871-66FC-4295-885D-EB1C7124D709}.Debug|Any CPU.Build.0 = Debug|Any CPU
		{635E0871-66FC-4295-885D-EB1C7124D709}.Release|Any CPU.ActiveCfg = Release|Any CPU
		{635E0871-66FC-4295-885D-EB1C7124D709}.Release|Any CPU.Build.0 = Release|Any CPU
	EndGlobalSection
	GlobalSection(SolutionProperties) = preSolution
		HideSolutionNode = FALSE
	EndGlobalSection
	GlobalSection(ExtensibilityGlobals) = postSolution
		SolutionGuid = {6170C633-AFAC-46DB-948B-482C84BB10C0}
	EndGlobalSection
EndGlobal
