
Microsoft Visual Studio Solution File, Format Version 12.00
# Visual Studio Version 17
VisualStudioVersion = 17.6.33723.286
MinimumVisualStudioVersion = 10.0.40219.1
Project("{9A19103F-16F7-4668-BE54-9A1E7A4F7556}") = "01.AdvertisementMessage", "01.AdvertisementMessage\01.AdvertisementMessage.csproj", "{EE20D1B4-52B5-4480-975D-4716FC6A7BA9}"
EndProject
Project("{9A19103F-16F7-4668-BE54-9A1E7A4F7556}") = "02.Articles", "02.Articles\02.Articles.csproj", "{5695AE89-63D7-4873-A6A4-D1EEDD7FA953}"
EndProject
Project("{9A19103F-16F7-4668-BE54-9A1E7A4F7556}") = "03.Articles2.0", "03.Articles2.0\03.Articles2.0.csproj", "{7ADBD72E-DAE7-45DD-B78F-1A1DC8401CCC}"
EndProject
Project("{9A19103F-16F7-4668-BE54-9A1E7A4F7556}") = "04.Students", "04.Students\04.Students.csproj", "{52C3EA69-A95F-44F7-85EF-B73969A39E06}"
EndProject
Project("{9A19103F-16F7-4668-BE54-9A1E7A4F7556}") = "05.TeamworkProjects", "05.TeamworkProjects\05.TeamworkProjects.csproj", "{C8E0E681-A06F-4C04-A8B1-4896C9863F84}"
EndProject
Project("{9A19103F-16F7-4668-BE54-9A1E7A4F7556}") = "06.VehicleCatalogue", "06.VehicleCatalogue\06.VehicleCatalogue.csproj", "{DDE9E6D7-BA58-4074-8C5E-624549A51C8D}"
EndProject
Project("{FAE04EC0-301F-11D3-BF4B-00C04F79EFBC}") = "07.OrderByAge", "07.OrderByAge\07.OrderByAge.csproj", "{9B5A57F4-F8A2-47C1-B104-748717444CA5}"
EndProject
Global
	GlobalSection(SolutionConfigurationPlatforms) = preSolution
		Debug|Any CPU = Debug|Any CPU
		Release|Any CPU = Release|Any CPU
	EndGlobalSection
	GlobalSection(ProjectConfigurationPlatforms) = postSolution
		{EE20D1B4-52B5-4480-975D-4716FC6A7BA9}.Debug|Any CPU.ActiveCfg = Debug|Any CPU
		{EE20D1B4-52B5-4480-975D-4716FC6A7BA9}.Debug|Any CPU.Build.0 = Debug|Any CPU
		{EE20D1B4-52B5-4480-975D-4716FC6A7BA9}.Release|Any CPU.ActiveCfg = Release|Any CPU
		{EE20D1B4-52B5-4480-975D-4716FC6A7BA9}.Release|Any CPU.Build.0 = Release|Any CPU
		{5695AE89-63D7-4873-A6A4-D1EEDD7FA953}.Debug|Any CPU.ActiveCfg = Debug|Any CPU
		{5695AE89-63D7-4873-A6A4-D1EEDD7FA953}.Debug|Any CPU.Build.0 = Debug|Any CPU
		{5695AE89-63D7-4873-A6A4-D1EEDD7FA953}.Release|Any CPU.ActiveCfg = Release|Any CPU
		{5695AE89-63D7-4873-A6A4-D1EEDD7FA953}.Release|Any CPU.Build.0 = Release|Any CPU
		{7ADBD72E-DAE7-45DD-B78F-1A1DC8401CCC}.Debug|Any CPU.ActiveCfg = Debug|Any CPU
		{7ADBD72E-DAE7-45DD-B78F-1A1DC8401CCC}.Debug|Any CPU.Build.0 = Debug|Any CPU
		{7ADBD72E-DAE7-45DD-B78F-1A1DC8401CCC}.Release|Any CPU.ActiveCfg = Release|Any CPU
		{7ADBD72E-DAE7-45DD-B78F-1A1DC8401CCC}.Release|Any CPU.Build.0 = Release|Any CPU
		{52C3EA69-A95F-44F7-85EF-B73969A39E06}.Debug|Any CPU.ActiveCfg = Debug|Any CPU
		{52C3EA69-A95F-44F7-85EF-B73969A39E06}.Debug|Any CPU.Build.0 = Debug|Any CPU
		{52C3EA69-A95F-44F7-85EF-B73969A39E06}.Release|Any CPU.ActiveCfg = Release|Any CPU
		{52C3EA69-A95F-44F7-85EF-B73969A39E06}.Release|Any CPU.Build.0 = Release|Any CPU
		{C8E0E681-A06F-4C04-A8B1-4896C9863F84}.Debug|Any CPU.ActiveCfg = Debug|Any CPU
		{C8E0E681-A06F-4C04-A8B1-4896C9863F84}.Debug|Any CPU.Build.0 = Debug|Any CPU
		{C8E0E681-A06F-4C04-A8B1-4896C9863F84}.Release|Any CPU.ActiveCfg = Release|Any CPU
		{C8E0E681-A06F-4C04-A8B1-4896C9863F84}.Release|Any CPU.Build.0 = Release|Any CPU
		{DDE9E6D7-BA58-4074-8C5E-624549A51C8D}.Debug|Any CPU.ActiveCfg = Debug|Any CPU
		{DDE9E6D7-BA58-4074-8C5E-624549A51C8D}.Debug|Any CPU.Build.0 = Debug|Any CPU
		{DDE9E6D7-BA58-4074-8C5E-624549A51C8D}.Release|Any CPU.ActiveCfg = Release|Any CPU
		{DDE9E6D7-BA58-4074-8C5E-624549A51C8D}.Release|Any CPU.Build.0 = Release|Any CPU
		{9B5A57F4-F8A2-47C1-B104-748717444CA5}.Debug|Any CPU.ActiveCfg = Debug|Any CPU
		{9B5A57F4-F8A2-47C1-B104-748717444CA5}.Debug|Any CPU.Build.0 = Debug|Any CPU
		{9B5A57F4-F8A2-47C1-B104-748717444CA5}.Release|Any CPU.ActiveCfg = Release|Any CPU
		{9B5A57F4-F8A2-47C1-B104-748717444CA5}.Release|Any CPU.Build.0 = Release|Any CPU
	EndGlobalSection
	GlobalSection(SolutionProperties) = preSolution
		HideSolutionNode = FALSE
	EndGlobalSection
	GlobalSection(ExtensibilityGlobals) = postSolution
		SolutionGuid = {B8D25096-7C49-456F-B8DA-916710C0BEA0}
	EndGlobalSection
EndGlobal
