
Microsoft Visual Studio Solution File, Format Version 12.00
# Visual Studio Version 17
VisualStudioVersion = 17.5.33530.505
MinimumVisualStudioVersion = 10.0.40219.1
Project("{9A19103F-16F7-4668-BE54-9A1E7A4F7556}") = "01.Train", "01.Train\01.Train.csproj", "{E36BECC6-2363-4B2E-AD49-AA0C705D16DB}"
EndProject
Project("{9A19103F-16F7-4668-BE54-9A1E7A4F7556}") = "02.CommonElements", "02.CommonElements\02.CommonElements.csproj", "{5146537D-0A38-4F29-B2F9-AABE3D660F43}"
EndProject
Project("{9A19103F-16F7-4668-BE54-9A1E7A4F7556}") = "03.Zig-ZagArrays", "03.Zig-ZagArrays\03.Zig-ZagArrays.csproj", "{545EC01F-BE98-4CD8-8668-C9AE623A88C0}"
EndProject
Project("{9A19103F-16F7-4668-BE54-9A1E7A4F7556}") = "04.ArrayRotation", "04.ArrayRotation\04.ArrayRotation.csproj", "{691B720A-6F3F-4D42-970A-526B8D6179A8}"
EndProject
Project("{9A19103F-16F7-4668-BE54-9A1E7A4F7556}") = "05.TopIntegers", "05.TopIntegers\05.TopIntegers.csproj", "{F11CF155-5D51-49BF-B481-E663F8AFDCE2}"
EndProject
Project("{9A19103F-16F7-4668-BE54-9A1E7A4F7556}") = "06.EqualSum", "06.EqualSum\06.EqualSum.csproj", "{7110C1D1-49FB-4B67-A292-C60E4B030AE5}"
EndProject
Project("{9A19103F-16F7-4668-BE54-9A1E7A4F7556}") = "07.MaxSequenceOfEqualElements", "07.MaxSequenceOfEqualElements\07.MaxSequenceOfEqualElements.csproj", "{B823030E-3E18-4E4D-A328-E23F2AF7792E}"
EndProject
Project("{9A19103F-16F7-4668-BE54-9A1E7A4F7556}") = "08.MagicSum", "08.MagicSum\08.MagicSum.csproj", "{28833A64-BC79-4A26-9BA2-75E47F0F8C4B}"
EndProject
Project("{9A19103F-16F7-4668-BE54-9A1E7A4F7556}") = "09.KaminoFactory", "09.KaminoFactory\09.KaminoFactory.csproj", "{B1FCE287-AB72-4E6A-86D8-585100821904}"
EndProject
Project("{9A19103F-16F7-4668-BE54-9A1E7A4F7556}") = "10.LadyBugs", "10.LadyBugs\10.LadyBugs.csproj", "{95285483-6514-4F02-92C1-AE533BD4BC2B}"
EndProject
Global
	GlobalSection(SolutionConfigurationPlatforms) = preSolution
		Debug|Any CPU = Debug|Any CPU
		Release|Any CPU = Release|Any CPU
	EndGlobalSection
	GlobalSection(ProjectConfigurationPlatforms) = postSolution
		{E36BECC6-2363-4B2E-AD49-AA0C705D16DB}.Debug|Any CPU.ActiveCfg = Debug|Any CPU
		{E36BECC6-2363-4B2E-AD49-AA0C705D16DB}.Debug|Any CPU.Build.0 = Debug|Any CPU
		{E36BECC6-2363-4B2E-AD49-AA0C705D16DB}.Release|Any CPU.ActiveCfg = Release|Any CPU
		{E36BECC6-2363-4B2E-AD49-AA0C705D16DB}.Release|Any CPU.Build.0 = Release|Any CPU
		{5146537D-0A38-4F29-B2F9-AABE3D660F43}.Debug|Any CPU.ActiveCfg = Debug|Any CPU
		{5146537D-0A38-4F29-B2F9-AABE3D660F43}.Debug|Any CPU.Build.0 = Debug|Any CPU
		{5146537D-0A38-4F29-B2F9-AABE3D660F43}.Release|Any CPU.ActiveCfg = Release|Any CPU
		{5146537D-0A38-4F29-B2F9-AABE3D660F43}.Release|Any CPU.Build.0 = Release|Any CPU
		{545EC01F-BE98-4CD8-8668-C9AE623A88C0}.Debug|Any CPU.ActiveCfg = Debug|Any CPU
		{545EC01F-BE98-4CD8-8668-C9AE623A88C0}.Debug|Any CPU.Build.0 = Debug|Any CPU
		{545EC01F-BE98-4CD8-8668-C9AE623A88C0}.Release|Any CPU.ActiveCfg = Release|Any CPU
		{545EC01F-BE98-4CD8-8668-C9AE623A88C0}.Release|Any CPU.Build.0 = Release|Any CPU
		{691B720A-6F3F-4D42-970A-526B8D6179A8}.Debug|Any CPU.ActiveCfg = Debug|Any CPU
		{691B720A-6F3F-4D42-970A-526B8D6179A8}.Debug|Any CPU.Build.0 = Debug|Any CPU
		{691B720A-6F3F-4D42-970A-526B8D6179A8}.Release|Any CPU.ActiveCfg = Release|Any CPU
		{691B720A-6F3F-4D42-970A-526B8D6179A8}.Release|Any CPU.Build.0 = Release|Any CPU
		{F11CF155-5D51-49BF-B481-E663F8AFDCE2}.Debug|Any CPU.ActiveCfg = Debug|Any CPU
		{F11CF155-5D51-49BF-B481-E663F8AFDCE2}.Debug|Any CPU.Build.0 = Debug|Any CPU
		{F11CF155-5D51-49BF-B481-E663F8AFDCE2}.Release|Any CPU.ActiveCfg = Release|Any CPU
		{F11CF155-5D51-49BF-B481-E663F8AFDCE2}.Release|Any CPU.Build.0 = Release|Any CPU
		{7110C1D1-49FB-4B67-A292-C60E4B030AE5}.Debug|Any CPU.ActiveCfg = Debug|Any CPU
		{7110C1D1-49FB-4B67-A292-C60E4B030AE5}.Debug|Any CPU.Build.0 = Debug|Any CPU
		{7110C1D1-49FB-4B67-A292-C60E4B030AE5}.Release|Any CPU.ActiveCfg = Release|Any CPU
		{7110C1D1-49FB-4B67-A292-C60E4B030AE5}.Release|Any CPU.Build.0 = Release|Any CPU
		{B823030E-3E18-4E4D-A328-E23F2AF7792E}.Debug|Any CPU.ActiveCfg = Debug|Any CPU
		{B823030E-3E18-4E4D-A328-E23F2AF7792E}.Debug|Any CPU.Build.0 = Debug|Any CPU
		{B823030E-3E18-4E4D-A328-E23F2AF7792E}.Release|Any CPU.ActiveCfg = Release|Any CPU
		{B823030E-3E18-4E4D-A328-E23F2AF7792E}.Release|Any CPU.Build.0 = Release|Any CPU
		{28833A64-BC79-4A26-9BA2-75E47F0F8C4B}.Debug|Any CPU.ActiveCfg = Debug|Any CPU
		{28833A64-BC79-4A26-9BA2-75E47F0F8C4B}.Debug|Any CPU.Build.0 = Debug|Any CPU
		{28833A64-BC79-4A26-9BA2-75E47F0F8C4B}.Release|Any CPU.ActiveCfg = Release|Any CPU
		{28833A64-BC79-4A26-9BA2-75E47F0F8C4B}.Release|Any CPU.Build.0 = Release|Any CPU
		{B1FCE287-AB72-4E6A-86D8-585100821904}.Debug|Any CPU.ActiveCfg = Debug|Any CPU
		{B1FCE287-AB72-4E6A-86D8-585100821904}.Debug|Any CPU.Build.0 = Debug|Any CPU
		{B1FCE287-AB72-4E6A-86D8-585100821904}.Release|Any CPU.ActiveCfg = Release|Any CPU
		{B1FCE287-AB72-4E6A-86D8-585100821904}.Release|Any CPU.Build.0 = Release|Any CPU
		{95285483-6514-4F02-92C1-AE533BD4BC2B}.Debug|Any CPU.ActiveCfg = Debug|Any CPU
		{95285483-6514-4F02-92C1-AE533BD4BC2B}.Debug|Any CPU.Build.0 = Debug|Any CPU
		{95285483-6514-4F02-92C1-AE533BD4BC2B}.Release|Any CPU.ActiveCfg = Release|Any CPU
		{95285483-6514-4F02-92C1-AE533BD4BC2B}.Release|Any CPU.Build.0 = Release|Any CPU
	EndGlobalSection
	GlobalSection(SolutionProperties) = preSolution
		HideSolutionNode = FALSE
	EndGlobalSection
	GlobalSection(ExtensibilityGlobals) = postSolution
		SolutionGuid = {9E01192A-7ECB-4B48-A662-37CEBD4FFE62}
	EndGlobalSection
EndGlobal
