
Microsoft Visual Studio Solution File, Format Version 12.00
# Visual Studio Version 17
VisualStudioVersion = 17.6.33723.286
MinimumVisualStudioVersion = 10.0.40219.1
Project("{FAE04EC0-301F-11D3-BF4B-00C04F79EFBC}") = "01.ReverseStrings", "01.ReverseStrings\01.ReverseStrings.csproj", "{ECAC24E4-B51E-488E-BD63-8DC78CC58361}"
EndProject
Project("{FAE04EC0-301F-11D3-BF4B-00C04F79EFBC}") = "02.RepeatStrings", "02.RepeatStrings\02.RepeatStrings.csproj", "{CDFA2B27-B221-4B69-AD9E-886D722F00BB}"
EndProject
Project("{FAE04EC0-301F-11D3-BF4B-00C04F79EFBC}") = "03.Substring", "03.Substring\03.Substring.csproj", "{7B4894B5-BF82-468B-AAEF-34A6A8640239}"
EndProject
Project("{FAE04EC0-301F-11D3-BF4B-00C04F79EFBC}") = "04.TextFilter", "04.TextFilter\04.TextFilter.csproj", "{8161C7FC-69F5-41FE-A438-9AFFE9E05071}"
EndProject
Project("{FAE04EC0-301F-11D3-BF4B-00C04F79EFBC}") = "05.Digits,LettersAndOther", "05.Digits,LettersAndOther\05.Digits,LettersAndOther.csproj", "{828E7E34-77EF-48F8-A3CC-5F65F07B08AF}"
EndProject
Global
	GlobalSection(SolutionConfigurationPlatforms) = preSolution
		Debug|Any CPU = Debug|Any CPU
		Release|Any CPU = Release|Any CPU
	EndGlobalSection
	GlobalSection(ProjectConfigurationPlatforms) = postSolution
		{ECAC24E4-B51E-488E-BD63-8DC78CC58361}.Debug|Any CPU.ActiveCfg = Debug|Any CPU
		{ECAC24E4-B51E-488E-BD63-8DC78CC58361}.Debug|Any CPU.Build.0 = Debug|Any CPU
		{ECAC24E4-B51E-488E-BD63-8DC78CC58361}.Release|Any CPU.ActiveCfg = Release|Any CPU
		{ECAC24E4-B51E-488E-BD63-8DC78CC58361}.Release|Any CPU.Build.0 = Release|Any CPU
		{CDFA2B27-B221-4B69-AD9E-886D722F00BB}.Debug|Any CPU.ActiveCfg = Debug|Any CPU
		{CDFA2B27-B221-4B69-AD9E-886D722F00BB}.Debug|Any CPU.Build.0 = Debug|Any CPU
		{CDFA2B27-B221-4B69-AD9E-886D722F00BB}.Release|Any CPU.ActiveCfg = Release|Any CPU
		{CDFA2B27-B221-4B69-AD9E-886D722F00BB}.Release|Any CPU.Build.0 = Release|Any CPU
		{7B4894B5-BF82-468B-AAEF-34A6A8640239}.Debug|Any CPU.ActiveCfg = Debug|Any CPU
		{7B4894B5-BF82-468B-AAEF-34A6A8640239}.Debug|Any CPU.Build.0 = Debug|Any CPU
		{7B4894B5-BF82-468B-AAEF-34A6A8640239}.Release|Any CPU.ActiveCfg = Release|Any CPU
		{7B4894B5-BF82-468B-AAEF-34A6A8640239}.Release|Any CPU.Build.0 = Release|Any CPU
		{8161C7FC-69F5-41FE-A438-9AFFE9E05071}.Debug|Any CPU.ActiveCfg = Debug|Any CPU
		{8161C7FC-69F5-41FE-A438-9AFFE9E05071}.Debug|Any CPU.Build.0 = Debug|Any CPU
		{8161C7FC-69F5-41FE-A438-9AFFE9E05071}.Release|Any CPU.ActiveCfg = Release|Any CPU
		{8161C7FC-69F5-41FE-A438-9AFFE9E05071}.Release|Any CPU.Build.0 = Release|Any CPU
		{828E7E34-77EF-48F8-A3CC-5F65F07B08AF}.Debug|Any CPU.ActiveCfg = Debug|Any CPU
		{828E7E34-77EF-48F8-A3CC-5F65F07B08AF}.Debug|Any CPU.Build.0 = Debug|Any CPU
		{828E7E34-77EF-48F8-A3CC-5F65F07B08AF}.Release|Any CPU.ActiveCfg = Release|Any CPU
		{828E7E34-77EF-48F8-A3CC-5F65F07B08AF}.Release|Any CPU.Build.0 = Release|Any CPU
	EndGlobalSection
	GlobalSection(SolutionProperties) = preSolution
		HideSolutionNode = FALSE
	EndGlobalSection
	GlobalSection(ExtensibilityGlobals) = postSolution
		SolutionGuid = {B14FF6B9-D32D-4585-A936-DDE780C03BF3}
	EndGlobalSection
EndGlobal
